
Microsoft Visual Studio Solution File, Format Version 12.00
# Visual Studio Version 18
VisualStudioVersion = 18.1.11312.151
MinimumVisualStudioVersion = 10.0.40219.1
Project("{2150E333-8FDC-42A3-9474-1A3956D46DE8}") = "src", "src", "{827E0CD3-B72D-47B6-A68D-7590B98EB39B}"
EndProject
Project("{FAE04EC0-301F-11D3-BF4B-00C04F79EFBC}") = "AutomatedMarketIntelligenceTool.Cli", "src\AutomatedMarketIntelligenceTool.Cli\AutomatedMarketIntelligenceTool.Cli.csproj", "{D1ACB969-4BFC-4176-8F13-36AB26C0777E}"
EndProject
Project("{FAE04EC0-301F-11D3-BF4B-00C04F79EFBC}") = "AutomatedMarketIntelligenceTool.Core", "src\AutomatedMarketIntelligenceTool.Core\AutomatedMarketIntelligenceTool.Core.csproj", "{1924D303-0E5F-4CB4-B4D3-97E0A69D6730}"
EndProject
Project("{FAE04EC0-301F-11D3-BF4B-00C04F79EFBC}") = "AutomatedMarketIntelligenceTool.Infrastructure", "src\AutomatedMarketIntelligenceTool.Infrastructure\AutomatedMarketIntelligenceTool.Infrastructure.csproj", "{516F117E-B22E-4321-8A12-D47A034AE47E}"
EndProject
Project("{2150E333-8FDC-42A3-9474-1A3956D46DE8}") = "tests", "tests", "{0AB3BF05-4346-4AA6-1389-037BE0695223}"
EndProject
Project("{FAE04EC0-301F-11D3-BF4B-00C04F79EFBC}") = "AutomatedMarketIntelligenceTool.Core.Tests", "tests\AutomatedMarketIntelligenceTool.Core.Tests\AutomatedMarketIntelligenceTool.Core.Tests.csproj", "{F24740F8-817F-431E-81B9-8AE16FA2E5CB}"
EndProject
Project("{FAE04EC0-301F-11D3-BF4B-00C04F79EFBC}") = "AutomatedMarketIntelligenceTool.Infrastructure.Tests", "tests\AutomatedMarketIntelligenceTool.Infrastructure.Tests\AutomatedMarketIntelligenceTool.Infrastructure.Tests.csproj", "{4E1D76A9-81FE-41EC-9A50-5D8FB0E465DF}"
EndProject
Project("{FAE04EC0-301F-11D3-BF4B-00C04F79EFBC}") = "AutomatedMarketIntelligenceTool.Cli.Tests", "tests\AutomatedMarketIntelligenceTool.Cli.Tests\AutomatedMarketIntelligenceTool.Cli.Tests.csproj", "{3DAF09BD-73CA-4DA4-A8EA-C6B6C7332B08}"
EndProject
Project("{FAE04EC0-301F-11D3-BF4B-00C04F79EFBC}") = "AutomatedMarketIntelligenceTool.Application", "src\AutomatedMarketIntelligenceTool.Application\AutomatedMarketIntelligenceTool.Application.csproj", "{9E04195E-BC9F-4B10-8EE8-33F4505F58EA}"
EndProject
Project("{FAE04EC0-301F-11D3-BF4B-00C04F79EFBC}") = "AutomatedMarketIntelligenceTool.Application.Tests", "tests\AutomatedMarketIntelligenceTool.Application.Tests\AutomatedMarketIntelligenceTool.Application.Tests.csproj", "{AE35AC90-498B-4355-8A4E-058F7AF9CF96}"
EndProject
Project("{FAE04EC0-301F-11D3-BF4B-00C04F79EFBC}") = "AutomatedMarketIntelligenceTool.Api.Tests", "tests\AutomatedMarketIntelligenceTool.Api.Tests\AutomatedMarketIntelligenceTool.Api.Tests.csproj", "{4EDF8A5B-6AAB-4B7F-A1DF-9593FC333DD9}"
EndProject
Project("{FAE04EC0-301F-11D3-BF4B-00C04F79EFBC}") = "AutomatedMarketIntelligenceTool.Api", "src\AutomatedMarketIntelligenceTool.Api\AutomatedMarketIntelligenceTool.Api.csproj", "{9F71CC47-F63F-40A4-937F-CC8121C19948}"
EndProject
Project("{2150E333-8FDC-42A3-9474-1A3956D46DE8}") = "playground", "playground", "{12E5C810-18C6-BE57-4EA6-3F3BE821652E}"
EndProject
Project("{FAE04EC0-301F-11D3-BF4B-00C04F79EFBC}") = "VolkswagonJettaSearch", "playground\VolkswagonJettaSearch\VolkswagonJettaSearch.csproj", "{A84F6632-185A-4328-8B62-14C1EEEECC8C}"
EndProject
Project("{FAE04EC0-301F-11D3-BF4B-00C04F79EFBC}") = "Tabangimotors", "playground\Tabangimotors\Tabangimotors.csproj", "{2E8660D2-6CB3-44AD-83C3-64C07B2C8048}"
EndProject
Global
	GlobalSection(SolutionConfigurationPlatforms) = preSolution
		Debug|Any CPU = Debug|Any CPU
		Debug|x64 = Debug|x64
		Debug|x86 = Debug|x86
		Release|Any CPU = Release|Any CPU
		Release|x64 = Release|x64
		Release|x86 = Release|x86
	EndGlobalSection
	GlobalSection(ProjectConfigurationPlatforms) = postSolution
		{D1ACB969-4BFC-4176-8F13-36AB26C0777E}.Debug|Any CPU.ActiveCfg = Debug|Any CPU
		{D1ACB969-4BFC-4176-8F13-36AB26C0777E}.Debug|Any CPU.Build.0 = Debug|Any CPU
		{D1ACB969-4BFC-4176-8F13-36AB26C0777E}.Debug|x64.ActiveCfg = Debug|Any CPU
		{D1ACB969-4BFC-4176-8F13-36AB26C0777E}.Debug|x64.Build.0 = Debug|Any CPU
		{D1ACB969-4BFC-4176-8F13-36AB26C0777E}.Debug|x86.ActiveCfg = Debug|Any CPU
		{D1ACB969-4BFC-4176-8F13-36AB26C0777E}.Debug|x86.Build.0 = Debug|Any CPU
		{D1ACB969-4BFC-4176-8F13-36AB26C0777E}.Release|Any CPU.ActiveCfg = Release|Any CPU
		{D1ACB969-4BFC-4176-8F13-36AB26C0777E}.Release|Any CPU.Build.0 = Release|Any CPU
		{D1ACB969-4BFC-4176-8F13-36AB26C0777E}.Release|x64.ActiveCfg = Release|Any CPU
		{D1ACB969-4BFC-4176-8F13-36AB26C0777E}.Release|x64.Build.0 = Release|Any CPU
		{D1ACB969-4BFC-4176-8F13-36AB26C0777E}.Release|x86.ActiveCfg = Release|Any CPU
		{D1ACB969-4BFC-4176-8F13-36AB26C0777E}.Release|x86.Build.0 = Release|Any CPU
		{1924D303-0E5F-4CB4-B4D3-97E0A69D6730}.Debug|Any CPU.ActiveCfg = Debug|Any CPU
		{1924D303-0E5F-4CB4-B4D3-97E0A69D6730}.Debug|Any CPU.Build.0 = Debug|Any CPU
		{1924D303-0E5F-4CB4-B4D3-97E0A69D6730}.Debug|x64.ActiveCfg = Debug|Any CPU
		{1924D303-0E5F-4CB4-B4D3-97E0A69D6730}.Debug|x64.Build.0 = Debug|Any CPU
		{1924D303-0E5F-4CB4-B4D3-97E0A69D6730}.Debug|x86.ActiveCfg = Debug|Any CPU
		{1924D303-0E5F-4CB4-B4D3-97E0A69D6730}.Debug|x86.Build.0 = Debug|Any CPU
		{1924D303-0E5F-4CB4-B4D3-97E0A69D6730}.Release|Any CPU.ActiveCfg = Release|Any CPU
		{1924D303-0E5F-4CB4-B4D3-97E0A69D6730}.Release|Any CPU.Build.0 = Release|Any CPU
		{1924D303-0E5F-4CB4-B4D3-97E0A69D6730}.Release|x64.ActiveCfg = Release|Any CPU
		{1924D303-0E5F-4CB4-B4D3-97E0A69D6730}.Release|x64.Build.0 = Release|Any CPU
		{1924D303-0E5F-4CB4-B4D3-97E0A69D6730}.Release|x86.ActiveCfg = Release|Any CPU
		{1924D303-0E5F-4CB4-B4D3-97E0A69D6730}.Release|x86.Build.0 = Release|Any CPU
		{516F117E-B22E-4321-8A12-D47A034AE47E}.Debug|Any CPU.ActiveCfg = Debug|Any CPU
		{516F117E-B22E-4321-8A12-D47A034AE47E}.Debug|Any CPU.Build.0 = Debug|Any CPU
		{516F117E-B22E-4321-8A12-D47A034AE47E}.Debug|x64.ActiveCfg = Debug|Any CPU
		{516F117E-B22E-4321-8A12-D47A034AE47E}.Debug|x64.Build.0 = Debug|Any CPU
		{516F117E-B22E-4321-8A12-D47A034AE47E}.Debug|x86.ActiveCfg = Debug|Any CPU
		{516F117E-B22E-4321-8A12-D47A034AE47E}.Debug|x86.Build.0 = Debug|Any CPU
		{516F117E-B22E-4321-8A12-D47A034AE47E}.Release|Any CPU.ActiveCfg = Release|Any CPU
		{516F117E-B22E-4321-8A12-D47A034AE47E}.Release|Any CPU.Build.0 = Release|Any CPU
		{516F117E-B22E-4321-8A12-D47A034AE47E}.Release|x64.ActiveCfg = Release|Any CPU
		{516F117E-B22E-4321-8A12-D47A034AE47E}.Release|x64.Build.0 = Release|Any CPU
		{516F117E-B22E-4321-8A12-D47A034AE47E}.Release|x86.ActiveCfg = Release|Any CPU
		{516F117E-B22E-4321-8A12-D47A034AE47E}.Release|x86.Build.0 = Release|Any CPU
		{F24740F8-817F-431E-81B9-8AE16FA2E5CB}.Debug|Any CPU.ActiveCfg = Debug|Any CPU
		{F24740F8-817F-431E-81B9-8AE16FA2E5CB}.Debug|Any CPU.Build.0 = Debug|Any CPU
		{F24740F8-817F-431E-81B9-8AE16FA2E5CB}.Debug|x64.ActiveCfg = Debug|Any CPU
		{F24740F8-817F-431E-81B9-8AE16FA2E5CB}.Debug|x64.Build.0 = Debug|Any CPU
		{F24740F8-817F-431E-81B9-8AE16FA2E5CB}.Debug|x86.ActiveCfg = Debug|Any CPU
		{F24740F8-817F-431E-81B9-8AE16FA2E5CB}.Debug|x86.Build.0 = Debug|Any CPU
		{F24740F8-817F-431E-81B9-8AE16FA2E5CB}.Release|Any CPU.ActiveCfg = Release|Any CPU
		{F24740F8-817F-431E-81B9-8AE16FA2E5CB}.Release|Any CPU.Build.0 = Release|Any CPU
		{F24740F8-817F-431E-81B9-8AE16FA2E5CB}.Release|x64.ActiveCfg = Release|Any CPU
		{F24740F8-817F-431E-81B9-8AE16FA2E5CB}.Release|x64.Build.0 = Release|Any CPU
		{F24740F8-817F-431E-81B9-8AE16FA2E5CB}.Release|x86.ActiveCfg = Release|Any CPU
		{F24740F8-817F-431E-81B9-8AE16FA2E5CB}.Release|x86.Build.0 = Release|Any CPU
		{4E1D76A9-81FE-41EC-9A50-5D8FB0E465DF}.Debug|Any CPU.ActiveCfg = Debug|Any CPU
		{4E1D76A9-81FE-41EC-9A50-5D8FB0E465DF}.Debug|Any CPU.Build.0 = Debug|Any CPU
		{4E1D76A9-81FE-41EC-9A50-5D8FB0E465DF}.Debug|x64.ActiveCfg = Debug|Any CPU
		{4E1D76A9-81FE-41EC-9A50-5D8FB0E465DF}.Debug|x64.Build.0 = Debug|Any CPU
		{4E1D76A9-81FE-41EC-9A50-5D8FB0E465DF}.Debug|x86.ActiveCfg = Debug|Any CPU
		{4E1D76A9-81FE-41EC-9A50-5D8FB0E465DF}.Debug|x86.Build.0 = Debug|Any CPU
		{4E1D76A9-81FE-41EC-9A50-5D8FB0E465DF}.Release|Any CPU.ActiveCfg = Release|Any CPU
		{4E1D76A9-81FE-41EC-9A50-5D8FB0E465DF}.Release|Any CPU.Build.0 = Release|Any CPU
		{4E1D76A9-81FE-41EC-9A50-5D8FB0E465DF}.Release|x64.ActiveCfg = Release|Any CPU
		{4E1D76A9-81FE-41EC-9A50-5D8FB0E465DF}.Release|x64.Build.0 = Release|Any CPU
		{4E1D76A9-81FE-41EC-9A50-5D8FB0E465DF}.Release|x86.ActiveCfg = Release|Any CPU
		{4E1D76A9-81FE-41EC-9A50-5D8FB0E465DF}.Release|x86.Build.0 = Release|Any CPU
		{3DAF09BD-73CA-4DA4-A8EA-C6B6C7332B08}.Debug|Any CPU.ActiveCfg = Debug|Any CPU
		{3DAF09BD-73CA-4DA4-A8EA-C6B6C7332B08}.Debug|Any CPU.Build.0 = Debug|Any CPU
		{3DAF09BD-73CA-4DA4-A8EA-C6B6C7332B08}.Debug|x64.ActiveCfg = Debug|Any CPU
		{3DAF09BD-73CA-4DA4-A8EA-C6B6C7332B08}.Debug|x64.Build.0 = Debug|Any CPU
		{3DAF09BD-73CA-4DA4-A8EA-C6B6C7332B08}.Debug|x86.ActiveCfg = Debug|Any CPU
		{3DAF09BD-73CA-4DA4-A8EA-C6B6C7332B08}.Debug|x86.Build.0 = Debug|Any CPU
		{3DAF09BD-73CA-4DA4-A8EA-C6B6C7332B08}.Release|Any CPU.ActiveCfg = Release|Any CPU
		{3DAF09BD-73CA-4DA4-A8EA-C6B6C7332B08}.Release|Any CPU.Build.0 = Release|Any CPU
		{3DAF09BD-73CA-4DA4-A8EA-C6B6C7332B08}.Release|x64.ActiveCfg = Release|Any CPU
		{3DAF09BD-73CA-4DA4-A8EA-C6B6C7332B08}.Release|x64.Build.0 = Release|Any CPU
		{3DAF09BD-73CA-4DA4-A8EA-C6B6C7332B08}.Release|x86.ActiveCfg = Release|Any CPU
		{3DAF09BD-73CA-4DA4-A8EA-C6B6C7332B08}.Release|x86.Build.0 = Release|Any CPU
		{9E04195E-BC9F-4B10-8EE8-33F4505F58EA}.Debug|Any CPU.ActiveCfg = Debug|Any CPU
		{9E04195E-BC9F-4B10-8EE8-33F4505F58EA}.Debug|Any CPU.Build.0 = Debug|Any CPU
		{9E04195E-BC9F-4B10-8EE8-33F4505F58EA}.Debug|x64.ActiveCfg = Debug|Any CPU
		{9E04195E-BC9F-4B10-8EE8-33F4505F58EA}.Debug|x64.Build.0 = Debug|Any CPU
		{9E04195E-BC9F-4B10-8EE8-33F4505F58EA}.Debug|x86.ActiveCfg = Debug|Any CPU
		{9E04195E-BC9F-4B10-8EE8-33F4505F58EA}.Debug|x86.Build.0 = Debug|Any CPU
		{9E04195E-BC9F-4B10-8EE8-33F4505F58EA}.Release|Any CPU.ActiveCfg = Release|Any CPU
		{9E04195E-BC9F-4B10-8EE8-33F4505F58EA}.Release|Any CPU.Build.0 = Release|Any CPU
		{9E04195E-BC9F-4B10-8EE8-33F4505F58EA}.Release|x64.ActiveCfg = Release|Any CPU
		{9E04195E-BC9F-4B10-8EE8-33F4505F58EA}.Release|x64.Build.0 = Release|Any CPU
		{9E04195E-BC9F-4B10-8EE8-33F4505F58EA}.Release|x86.ActiveCfg = Release|Any CPU
		{9E04195E-BC9F-4B10-8EE8-33F4505F58EA}.Release|x86.Build.0 = Release|Any CPU
		{AE35AC90-498B-4355-8A4E-058F7AF9CF96}.Debug|Any CPU.ActiveCfg = Debug|Any CPU
		{AE35AC90-498B-4355-8A4E-058F7AF9CF96}.Debug|Any CPU.Build.0 = Debug|Any CPU
		{AE35AC90-498B-4355-8A4E-058F7AF9CF96}.Debug|x64.ActiveCfg = Debug|Any CPU
		{AE35AC90-498B-4355-8A4E-058F7AF9CF96}.Debug|x64.Build.0 = Debug|Any CPU
		{AE35AC90-498B-4355-8A4E-058F7AF9CF96}.Debug|x86.ActiveCfg = Debug|Any CPU
		{AE35AC90-498B-4355-8A4E-058F7AF9CF96}.Debug|x86.Build.0 = Debug|Any CPU
		{AE35AC90-498B-4355-8A4E-058F7AF9CF96}.Release|Any CPU.ActiveCfg = Release|Any CPU
		{AE35AC90-498B-4355-8A4E-058F7AF9CF96}.Release|Any CPU.Build.0 = Release|Any CPU
		{AE35AC90-498B-4355-8A4E-058F7AF9CF96}.Release|x64.ActiveCfg = Release|Any CPU
		{AE35AC90-498B-4355-8A4E-058F7AF9CF96}.Release|x64.Build.0 = Release|Any CPU
		{AE35AC90-498B-4355-8A4E-058F7AF9CF96}.Release|x86.ActiveCfg = Release|Any CPU
		{AE35AC90-498B-4355-8A4E-058F7AF9CF96}.Release|x86.Build.0 = Release|Any CPU
		{4EDF8A5B-6AAB-4B7F-A1DF-9593FC333DD9}.Debug|Any CPU.ActiveCfg = Debug|Any CPU
		{4EDF8A5B-6AAB-4B7F-A1DF-9593FC333DD9}.Debug|Any CPU.Build.0 = Debug|Any CPU
		{4EDF8A5B-6AAB-4B7F-A1DF-9593FC333DD9}.Debug|x64.ActiveCfg = Debug|Any CPU
		{4EDF8A5B-6AAB-4B7F-A1DF-9593FC333DD9}.Debug|x64.Build.0 = Debug|Any CPU
		{4EDF8A5B-6AAB-4B7F-A1DF-9593FC333DD9}.Debug|x86.ActiveCfg = Debug|Any CPU
		{4EDF8A5B-6AAB-4B7F-A1DF-9593FC333DD9}.Debug|x86.Build.0 = Debug|Any CPU
		{4EDF8A5B-6AAB-4B7F-A1DF-9593FC333DD9}.Release|Any CPU.ActiveCfg = Release|Any CPU
		{4EDF8A5B-6AAB-4B7F-A1DF-9593FC333DD9}.Release|Any CPU.Build.0 = Release|Any CPU
		{4EDF8A5B-6AAB-4B7F-A1DF-9593FC333DD9}.Release|x64.ActiveCfg = Release|Any CPU
		{4EDF8A5B-6AAB-4B7F-A1DF-9593FC333DD9}.Release|x64.Build.0 = Release|Any CPU
		{4EDF8A5B-6AAB-4B7F-A1DF-9593FC333DD9}.Release|x86.ActiveCfg = Release|Any CPU
		{4EDF8A5B-6AAB-4B7F-A1DF-9593FC333DD9}.Release|x86.Build.0 = Release|Any CPU
		{9F71CC47-F63F-40A4-937F-CC8121C19948}.Debug|Any CPU.ActiveCfg = Debug|Any CPU
		{9F71CC47-F63F-40A4-937F-CC8121C19948}.Debug|Any CPU.Build.0 = Debug|Any CPU
		{9F71CC47-F63F-40A4-937F-CC8121C19948}.Debug|x64.ActiveCfg = Debug|Any CPU
		{9F71CC47-F63F-40A4-937F-CC8121C19948}.Debug|x64.Build.0 = Debug|Any CPU
		{9F71CC47-F63F-40A4-937F-CC8121C19948}.Debug|x86.ActiveCfg = Debug|Any CPU
		{9F71CC47-F63F-40A4-937F-CC8121C19948}.Debug|x86.Build.0 = Debug|Any CPU
		{9F71CC47-F63F-40A4-937F-CC8121C19948}.Release|Any CPU.ActiveCfg = Release|Any CPU
		{9F71CC47-F63F-40A4-937F-CC8121C19948}.Release|Any CPU.Build.0 = Release|Any CPU
		{9F71CC47-F63F-40A4-937F-CC8121C19948}.Release|x64.ActiveCfg = Release|Any CPU
		{9F71CC47-F63F-40A4-937F-CC8121C19948}.Release|x64.Build.0 = Release|Any CPU
		{9F71CC47-F63F-40A4-937F-CC8121C19948}.Release|x86.ActiveCfg = Release|Any CPU
		{9F71CC47-F63F-40A4-937F-CC8121C19948}.Release|x86.Build.0 = Release|Any CPU
		{A84F6632-185A-4328-8B62-14C1EEEECC8C}.Debug|Any CPU.ActiveCfg = Debug|Any CPU
		{A84F6632-185A-4328-8B62-14C1EEEECC8C}.Debug|Any CPU.Build.0 = Debug|Any CPU
		{A84F6632-185A-4328-8B62-14C1EEEECC8C}.Debug|x64.ActiveCfg = Debug|Any CPU
		{A84F6632-185A-4328-8B62-14C1EEEECC8C}.Debug|x64.Build.0 = Debug|Any CPU
		{A84F6632-185A-4328-8B62-14C1EEEECC8C}.Debug|x86.ActiveCfg = Debug|Any CPU
		{A84F6632-185A-4328-8B62-14C1EEEECC8C}.Debug|x86.Build.0 = Debug|Any CPU
		{A84F6632-185A-4328-8B62-14C1EEEECC8C}.Release|Any CPU.ActiveCfg = Release|Any CPU
		{A84F6632-185A-4328-8B62-14C1EEEECC8C}.Release|Any CPU.Build.0 = Release|Any CPU
		{A84F6632-185A-4328-8B62-14C1EEEECC8C}.Release|x64.ActiveCfg = Release|Any CPU
		{A84F6632-185A-4328-8B62-14C1EEEECC8C}.Release|x64.Build.0 = Release|Any CPU
		{A84F6632-185A-4328-8B62-14C1EEEECC8C}.Release|x86.ActiveCfg = Release|Any CPU
		{A84F6632-185A-4328-8B62-14C1EEEECC8C}.Release|x86.Build.0 = Release|Any CPU
		{2E8660D2-6CB3-44AD-83C3-64C07B2C8048}.Debug|Any CPU.ActiveCfg = Debug|Any CPU
		{2E8660D2-6CB3-44AD-83C3-64C07B2C8048}.Debug|Any CPU.Build.0 = Debug|Any CPU
		{2E8660D2-6CB3-44AD-83C3-64C07B2C8048}.Debug|x64.ActiveCfg = Debug|Any CPU
		{2E8660D2-6CB3-44AD-83C3-64C07B2C8048}.Debug|x64.Build.0 = Debug|Any CPU
		{2E8660D2-6CB3-44AD-83C3-64C07B2C8048}.Debug|x86.ActiveCfg = Debug|Any CPU
		{2E8660D2-6CB3-44AD-83C3-64C07B2C8048}.Debug|x86.Build.0 = Debug|Any CPU
		{2E8660D2-6CB3-44AD-83C3-64C07B2C8048}.Release|Any CPU.ActiveCfg = Release|Any CPU
		{2E8660D2-6CB3-44AD-83C3-64C07B2C8048}.Release|Any CPU.Build.0 = Release|Any CPU
		{2E8660D2-6CB3-44AD-83C3-64C07B2C8048}.Release|x64.ActiveCfg = Release|Any CPU
		{2E8660D2-6CB3-44AD-83C3-64C07B2C8048}.Release|x64.Build.0 = Release|Any CPU
		{2E8660D2-6CB3-44AD-83C3-64C07B2C8048}.Release|x86.ActiveCfg = Release|Any CPU
		{2E8660D2-6CB3-44AD-83C3-64C07B2C8048}.Release|x86.Build.0 = Release|Any CPU
	EndGlobalSection
	GlobalSection(SolutionProperties) = preSolution
		HideSolutionNode = FALSE
	EndGlobalSection
	GlobalSection(NestedProjects) = preSolution
		{D1ACB969-4BFC-4176-8F13-36AB26C0777E} = {827E0CD3-B72D-47B6-A68D-7590B98EB39B}
		{1924D303-0E5F-4CB4-B4D3-97E0A69D6730} = {827E0CD3-B72D-47B6-A68D-7590B98EB39B}
		{516F117E-B22E-4321-8A12-D47A034AE47E} = {827E0CD3-B72D-47B6-A68D-7590B98EB39B}
		{F24740F8-817F-431E-81B9-8AE16FA2E5CB} = {0AB3BF05-4346-4AA6-1389-037BE0695223}
		{4E1D76A9-81FE-41EC-9A50-5D8FB0E465DF} = {0AB3BF05-4346-4AA6-1389-037BE0695223}
		{3DAF09BD-73CA-4DA4-A8EA-C6B6C7332B08} = {0AB3BF05-4346-4AA6-1389-037BE0695223}
		{9E04195E-BC9F-4B10-8EE8-33F4505F58EA} = {827E0CD3-B72D-47B6-A68D-7590B98EB39B}
		{AE35AC90-498B-4355-8A4E-058F7AF9CF96} = {0AB3BF05-4346-4AA6-1389-037BE0695223}
		{4EDF8A5B-6AAB-4B7F-A1DF-9593FC333DD9} = {0AB3BF05-4346-4AA6-1389-037BE0695223}
		{9F71CC47-F63F-40A4-937F-CC8121C19948} = {827E0CD3-B72D-47B6-A68D-7590B98EB39B}
		{A84F6632-185A-4328-8B62-14C1EEEECC8C} = {12E5C810-18C6-BE57-4EA6-3F3BE821652E}
		{2E8660D2-6CB3-44AD-83C3-64C07B2C8048} = {12E5C810-18C6-BE57-4EA6-3F3BE821652E}
	EndGlobalSection
EndGlobal
